
Microsoft Visual Studio Solution File, Format Version 12.00
# Visual Studio Version 17
VisualStudioVersion = 17.5.002.0
MinimumVisualStudioVersion = 10.0.40219.1
Project("{9A19103F-16F7-4668-BE54-9A1E7A4F7556}") = "PatikaHW_1", "PatikaHW_1\PatikaHW_1.csproj", "{4CFF10FE-6791-4449-B207-EE2B83E7A0FD}"
EndProject
Global
	GlobalSection(SolutionConfigurationPlatforms) = preSolution
		Debug|Any CPU = Debug|Any CPU
		Release|Any CPU = Release|Any CPU
	EndGlobalSection
	GlobalSection(ProjectConfigurationPlatforms) = postSolution
		{4CFF10FE-6791-4449-B207-EE2B83E7A0FD}.Debug|Any CPU.ActiveCfg = Debug|Any CPU
		{4CFF10FE-6791-4449-B207-EE2B83E7A0FD}.Debug|Any CPU.Build.0 = Debug|Any CPU
		{4CFF10FE-6791-4449-B207-EE2B83E7A0FD}.Release|Any CPU.ActiveCfg = Release|Any CPU
		{4CFF10FE-6791-4449-B207-EE2B83E7A0FD}.Release|Any CPU.Build.0 = Release|Any CPU
	EndGlobalSection
	GlobalSection(SolutionProperties) = preSolution
		HideSolutionNode = FALSE
	EndGlobalSection
	GlobalSection(ExtensibilityGlobals) = postSolution
		SolutionGuid = {AB6F4796-CF7B-4C78-BC81-5825EAB28BCD}
	EndGlobalSection
EndGlobal
